// !$*UTF8*$!
{
	archiveVersion = 1;
	classes = {
	};
	objectVersion = 50;
	objects = {

/* Begin PBXBuildFile section */
		54096F0DA790CCA933478329 /* Pods_Lykoi.framework in Frameworks */ = {isa = PBXBuildFile; fileRef = C783A304EC055A4066BB73BC /* Pods_Lykoi.framework */; };
		CBDFC4F3482BF77FCACB035A /* Persistence.swift in Sources */ = {isa = PBXBuildFile; fileRef = CBDFC54CB21B39898B1FFA61 /* Persistence.swift */; };
		CBDFC6965954D1CF2391FE33 /* PDFDocViewModel.swift in Sources */ = {isa = PBXBuildFile; fileRef = CBDFC8AA9112DAEC0BFF69CC /* PDFDocViewModel.swift */; };
		E962846B2583AE5D0012FFE3 /* LykoiApp.swift in Sources */ = {isa = PBXBuildFile; fileRef = E962846A2583AE5D0012FFE3 /* LykoiApp.swift */; };
		E962846D2583AE5D0012FFE3 /* ContentView.swift in Sources */ = {isa = PBXBuildFile; fileRef = E962846C2583AE5D0012FFE3 /* ContentView.swift */; };
		E962846F2583AE5F0012FFE3 /* Assets.xcassets in Resources */ = {isa = PBXBuildFile; fileRef = E962846E2583AE5F0012FFE3 /* Assets.xcassets */; };
		E96284722583AE5F0012FFE3 /* Preview Assets.xcassets in Resources */ = {isa = PBXBuildFile; fileRef = E96284712583AE5F0012FFE3 /* Preview Assets.xcassets */; };
		E96284772583AE5F0012FFE3 /* Lykoi.xcdatamodeld in Sources */ = {isa = PBXBuildFile; fileRef = E96284752583AE5F0012FFE3 /* Lykoi.xcdatamodeld */; };
/* End PBXBuildFile section */

/* Begin PBXFileReference section */
		3C0874C8B2D6E67EB114AC77 /* Pods-Lykoi.release.xcconfig */ = {isa = PBXFileReference; includeInIndex = 1; lastKnownFileType = text.xcconfig; name = "Pods-Lykoi.release.xcconfig"; path = "Target Support Files/Pods-Lykoi/Pods-Lykoi.release.xcconfig"; sourceTree = "<group>"; };
		C783A304EC055A4066BB73BC /* Pods_Lykoi.framework */ = {isa = PBXFileReference; explicitFileType = wrapper.framework; includeInIndex = 0; path = Pods_Lykoi.framework; sourceTree = BUILT_PRODUCTS_DIR; };
		CBDFC54CB21B39898B1FFA61 /* Persistence.swift */ = {isa = PBXFileReference; fileEncoding = 4; lastKnownFileType = sourcecode.swift; path = Persistence.swift; sourceTree = "<group>"; };
		CBDFC73BFAB1C46D71C784B6 /* Lykoi.entitlements */ = {isa = PBXFileReference; fileEncoding = 4; lastKnownFileType = text.plist.entitlements; path = Lykoi.entitlements; sourceTree = "<group>"; };
		CBDFC8AA9112DAEC0BFF69CC /* PDFDocViewModel.swift */ = {isa = PBXFileReference; fileEncoding = 4; lastKnownFileType = sourcecode.swift; path = PDFDocViewModel.swift; sourceTree = "<group>"; };
		E96284672583AE5D0012FFE3 /* Lykoi.app */ = {isa = PBXFileReference; explicitFileType = wrapper.application; includeInIndex = 0; path = Lykoi.app; sourceTree = BUILT_PRODUCTS_DIR; };
		E962846A2583AE5D0012FFE3 /* LykoiApp.swift */ = {isa = PBXFileReference; lastKnownFileType = sourcecode.swift; path = LykoiApp.swift; sourceTree = "<group>"; };
		E962846C2583AE5D0012FFE3 /* ContentView.swift */ = {isa = PBXFileReference; lastKnownFileType = sourcecode.swift; path = ContentView.swift; sourceTree = "<group>"; };
		E962846E2583AE5F0012FFE3 /* Assets.xcassets */ = {isa = PBXFileReference; lastKnownFileType = folder.assetcatalog; path = Assets.xcassets; sourceTree = "<group>"; };
		E96284712583AE5F0012FFE3 /* Preview Assets.xcassets */ = {isa = PBXFileReference; lastKnownFileType = folder.assetcatalog; path = "Preview Assets.xcassets"; sourceTree = "<group>"; };
		E96284762583AE5F0012FFE3 /* Lykoi.xcdatamodel */ = {isa = PBXFileReference; lastKnownFileType = wrapper.xcdatamodel; path = Lykoi.xcdatamodel; sourceTree = "<group>"; };
		E96284782583AE5F0012FFE3 /* Info.plist */ = {isa = PBXFileReference; lastKnownFileType = text.plist.xml; path = Info.plist; sourceTree = "<group>"; };
		FC71EAD9A458962266DB32AD /* Pods-Lykoi.debug.xcconfig */ = {isa = PBXFileReference; includeInIndex = 1; lastKnownFileType = text.xcconfig; name = "Pods-Lykoi.debug.xcconfig"; path = "Target Support Files/Pods-Lykoi/Pods-Lykoi.debug.xcconfig"; sourceTree = "<group>"; };
/* End PBXFileReference section */

/* Begin PBXFrameworksBuildPhase section */
		E96284642583AE5D0012FFE3 /* Frameworks */ = {
			isa = PBXFrameworksBuildPhase;
			buildActionMask = 2147483647;
			files = (
				54096F0DA790CCA933478329 /* Pods_Lykoi.framework in Frameworks */,
			);
			runOnlyForDeploymentPostprocessing = 0;
		};
/* End PBXFrameworksBuildPhase section */

/* Begin PBXGroup section */
		483FB2B7A963D914B1B9D127 /* Pods */ = {
			isa = PBXGroup;
			children = (
				FC71EAD9A458962266DB32AD /* Pods-Lykoi.debug.xcconfig */,
				3C0874C8B2D6E67EB114AC77 /* Pods-Lykoi.release.xcconfig */,
			);
			path = Pods;
			sourceTree = "<group>";
		};
		CBDFC0F80B6EC6998C3247BF /* CoreData */ = {
			isa = PBXGroup;
			children = (
				E96284752583AE5F0012FFE3 /* Lykoi.xcdatamodeld */,
				CBDFC54CB21B39898B1FFA61 /* Persistence.swift */,
			);
			path = CoreData;
			sourceTree = "<group>";
		};
		CBDFC3139A3B05BFAD988666 /* ViewModel */ = {
			isa = PBXGroup;
			children = (
				CBDFC8AA9112DAEC0BFF69CC /* PDFDocViewModel.swift */,
			);
			path = ViewModel;
			sourceTree = "<group>";
		};
		DDBB448F48B1AD9FB64EA49A /* Frameworks */ = {
			isa = PBXGroup;
			children = (
				C783A304EC055A4066BB73BC /* Pods_Lykoi.framework */,
			);
			name = Frameworks;
			sourceTree = "<group>";
		};
		E962845E2583AE5D0012FFE3 = {
			isa = PBXGroup;
			children = (
				E96284692583AE5D0012FFE3 /* Lykoi */,
				E96284682583AE5D0012FFE3 /* Products */,
				483FB2B7A963D914B1B9D127 /* Pods */,
				DDBB448F48B1AD9FB64EA49A /* Frameworks */,
			);
			sourceTree = "<group>";
		};
		E96284682583AE5D0012FFE3 /* Products */ = {
			isa = PBXGroup;
			children = (
				E96284672583AE5D0012FFE3 /* Lykoi.app */,
			);
			name = Products;
			sourceTree = "<group>";
		};
		E96284692583AE5D0012FFE3 /* Lykoi */ = {
			isa = PBXGroup;
			children = (
				E962846A2583AE5D0012FFE3 /* LykoiApp.swift */,
				E962846C2583AE5D0012FFE3 /* ContentView.swift */,
				E962846E2583AE5F0012FFE3 /* Assets.xcassets */,
				E96284782583AE5F0012FFE3 /* Info.plist */,
				CBDFC73BFAB1C46D71C784B6 /* Lykoi.entitlements */,
				E96284702583AE5F0012FFE3 /* Preview Content */,
				CBDFC0F80B6EC6998C3247BF /* CoreData */,
				CBDFC3139A3B05BFAD988666 /* ViewModel */,
			);
			path = Lykoi;
			sourceTree = "<group>";
		};
		E96284702583AE5F0012FFE3 /* Preview Content */ = {
			isa = PBXGroup;
			children = (
				E96284712583AE5F0012FFE3 /* Preview Assets.xcassets */,
			);
			path = "Preview Content";
			sourceTree = "<group>";
		};
/* End PBXGroup section */

/* Begin PBXNativeTarget section */
		E96284662583AE5D0012FFE3 /* Lykoi */ = {
			isa = PBXNativeTarget;
			buildConfigurationList = E962847B2583AE5F0012FFE3 /* Build configuration list for PBXNativeTarget "Lykoi" */;
			buildPhases = (
				CB0D3C4CB886F7546F82C0ED /* [CP] Check Pods Manifest.lock */,
				E96284632583AE5D0012FFE3 /* Sources */,
				E96284642583AE5D0012FFE3 /* Frameworks */,
				E96284652583AE5D0012FFE3 /* Resources */,
				4687D22EBBD2FD6048D461D3 /* [CP] Embed Pods Frameworks */,
			);
			buildRules = (
			);
			dependencies = (
			);
			name = Lykoi;
			productName = Lykoi;
			productReference = E96284672583AE5D0012FFE3 /* Lykoi.app */;
			productType = "com.apple.product-type.application";
		};
/* End PBXNativeTarget section */

/* Begin PBXProject section */
		E962845F2583AE5D0012FFE3 /* Project object */ = {
			isa = PBXProject;
			attributes = {
				LastSwiftUpdateCheck = 1220;
				LastUpgradeCheck = 1220;
				TargetAttributes = {
					E96284662583AE5D0012FFE3 = {
						CreatedOnToolsVersion = 12.2;
					};
				};
			};
			buildConfigurationList = E96284622583AE5D0012FFE3 /* Build configuration list for PBXProject "Lykoi" */;
			compatibilityVersion = "Xcode 9.3";
			developmentRegion = en;
			hasScannedForEncodings = 0;
			knownRegions = (
				en,
				Base,
			);
			mainGroup = E962845E2583AE5D0012FFE3;
			productRefGroup = E96284682583AE5D0012FFE3 /* Products */;
			projectDirPath = "";
			projectRoot = "";
			targets = (
				E96284662583AE5D0012FFE3 /* Lykoi */,
			);
		};
/* End PBXProject section */

/* Begin PBXResourcesBuildPhase section */
		E96284652583AE5D0012FFE3 /* Resources */ = {
			isa = PBXResourcesBuildPhase;
			buildActionMask = 2147483647;
			files = (
				E96284722583AE5F0012FFE3 /* Preview Assets.xcassets in Resources */,
				E962846F2583AE5F0012FFE3 /* Assets.xcassets in Resources */,
			);
			runOnlyForDeploymentPostprocessing = 0;
		};
/* End PBXResourcesBuildPhase section */

/* Begin PBXShellScriptBuildPhase section */
		4687D22EBBD2FD6048D461D3 /* [CP] Embed Pods Frameworks */ = {
			isa = PBXShellScriptBuildPhase;
			buildActionMask = 2147483647;
			files = (
			);
			inputFileListPaths = (
				"${PODS_ROOT}/Target Support Files/Pods-Lykoi/Pods-Lykoi-frameworks-${CONFIGURATION}-input-files.xcfilelist",
			);
			name = "[CP] Embed Pods Frameworks";
			outputFileListPaths = (
				"${PODS_ROOT}/Target Support Files/Pods-Lykoi/Pods-Lykoi-frameworks-${CONFIGURATION}-output-files.xcfilelist",
			);
			runOnlyForDeploymentPostprocessing = 0;
			shellPath = /bin/sh;
			shellScript = "\"${PODS_ROOT}/Target Support Files/Pods-Lykoi/Pods-Lykoi-frameworks.sh\"\n";
			showEnvVarsInLog = 0;
		};
		CB0D3C4CB886F7546F82C0ED /* [CP] Check Pods Manifest.lock */ = {
			isa = PBXShellScriptBuildPhase;
			buildActionMask = 2147483647;
			files = (
			);
			inputFileListPaths = (
			);
			inputPaths = (
				"${PODS_PODFILE_DIR_PATH}/Podfile.lock",
				"${PODS_ROOT}/Manifest.lock",
			);
			name = "[CP] Check Pods Manifest.lock";
			outputFileListPaths = (
			);
			outputPaths = (
				"$(DERIVED_FILE_DIR)/Pods-Lykoi-checkManifestLockResult.txt",
			);
			runOnlyForDeploymentPostprocessing = 0;
			shellPath = /bin/sh;
			shellScript = "diff \"${PODS_PODFILE_DIR_PATH}/Podfile.lock\" \"${PODS_ROOT}/Manifest.lock\" > /dev/null\nif [ $? != 0 ] ; then\n    # print error to STDERR\n    echo \"error: The sandbox is not in sync with the Podfile.lock. Run 'pod install' or update your CocoaPods installation.\" >&2\n    exit 1\nfi\n# This output is used by Xcode 'outputs' to avoid re-running this script phase.\necho \"SUCCESS\" > \"${SCRIPT_OUTPUT_FILE_0}\"\n";
			showEnvVarsInLog = 0;
		};
/* End PBXShellScriptBuildPhase section */

/* Begin PBXSourcesBuildPhase section */
		E96284632583AE5D0012FFE3 /* Sources */ = {
			isa = PBXSourcesBuildPhase;
			buildActionMask = 2147483647;
			files = (
				E962846D2583AE5D0012FFE3 /* ContentView.swift in Sources */,
				E96284772583AE5F0012FFE3 /* Lykoi.xcdatamodeld in Sources */,
				E962846B2583AE5D0012FFE3 /* LykoiApp.swift in Sources */,
				CBDFC4F3482BF77FCACB035A /* Persistence.swift in Sources */,
				CBDFC6965954D1CF2391FE33 /* PDFDocViewModel.swift in Sources */,
			);
			runOnlyForDeploymentPostprocessing = 0;
		};
/* End PBXSourcesBuildPhase section */

/* Begin XCBuildConfiguration section */
		E96284792583AE5F0012FFE3 /* Debug */ = {
			isa = XCBuildConfiguration;
			buildSettings = {
				ALWAYS_SEARCH_USER_PATHS = NO;
				CLANG_ANALYZER_NONNULL = YES;
				CLANG_ANALYZER_NUMBER_OBJECT_CONVERSION = YES_AGGRESSIVE;
				CLANG_CXX_LANGUAGE_STANDARD = "gnu++14";
				CLANG_CXX_LIBRARY = "libc++";
				CLANG_ENABLE_MODULES = YES;
				CLANG_ENABLE_OBJC_ARC = YES;
				CLANG_ENABLE_OBJC_WEAK = YES;
				CLANG_WARN_BLOCK_CAPTURE_AUTORELEASING = YES;
				CLANG_WARN_BOOL_CONVERSION = YES;
				CLANG_WARN_COMMA = YES;
				CLANG_WARN_CONSTANT_CONVERSION = YES;
				CLANG_WARN_DEPRECATED_OBJC_IMPLEMENTATIONS = YES;
				CLANG_WARN_DIRECT_OBJC_ISA_USAGE = YES_ERROR;
				CLANG_WARN_DOCUMENTATION_COMMENTS = YES;
				CLANG_WARN_EMPTY_BODY = YES;
				CLANG_WARN_ENUM_CONVERSION = YES;
				CLANG_WARN_INFINITE_RECURSION = YES;
				CLANG_WARN_INT_CONVERSION = YES;
				CLANG_WARN_NON_LITERAL_NULL_CONVERSION = YES;
				CLANG_WARN_OBJC_IMPLICIT_RETAIN_SELF = YES;
				CLANG_WARN_OBJC_LITERAL_CONVERSION = YES;
				CLANG_WARN_OBJC_ROOT_CLASS = YES_ERROR;
				CLANG_WARN_QUOTED_INCLUDE_IN_FRAMEWORK_HEADER = YES;
				CLANG_WARN_RANGE_LOOP_ANALYSIS = YES;
				CLANG_WARN_STRICT_PROTOTYPES = YES;
				CLANG_WARN_SUSPICIOUS_MOVE = YES;
				CLANG_WARN_UNGUARDED_AVAILABILITY = YES_AGGRESSIVE;
				CLANG_WARN_UNREACHABLE_CODE = YES;
				CLANG_WARN__DUPLICATE_METHOD_MATCH = YES;
				COPY_PHASE_STRIP = NO;
				DEBUG_INFORMATION_FORMAT = dwarf;
				ENABLE_STRICT_OBJC_MSGSEND = YES;
				ENABLE_TESTABILITY = YES;
				GCC_C_LANGUAGE_STANDARD = gnu11;
				GCC_DYNAMIC_NO_PIC = NO;
				GCC_NO_COMMON_BLOCKS = YES;
				GCC_OPTIMIZATION_LEVEL = 0;
				GCC_PREPROCESSOR_DEFINITIONS = (
					"DEBUG=1",
					"$(inherited)",
				);
				GCC_WARN_64_TO_32_BIT_CONVERSION = YES;
				GCC_WARN_ABOUT_RETURN_TYPE = YES_ERROR;
				GCC_WARN_UNDECLARED_SELECTOR = YES;
				GCC_WARN_UNINITIALIZED_AUTOS = YES_AGGRESSIVE;
				GCC_WARN_UNUSED_FUNCTION = YES;
				GCC_WARN_UNUSED_VARIABLE = YES;
				IPHONEOS_DEPLOYMENT_TARGET = 14.2;
				MTL_ENABLE_DEBUG_INFO = INCLUDE_SOURCE;
				MTL_FAST_MATH = YES;
				ONLY_ACTIVE_ARCH = YES;
				SDKROOT = iphoneos;
				SWIFT_ACTIVE_COMPILATION_CONDITIONS = DEBUG;
				SWIFT_OPTIMIZATION_LEVEL = "-Onone";
			};
			name = Debug;
		};
		E962847A2583AE5F0012FFE3 /* Release */ = {
			isa = XCBuildConfiguration;
			buildSettings = {
				ALWAYS_SEARCH_USER_PATHS = NO;
				CLANG_ANALYZER_NONNULL = YES;
				CLANG_ANALYZER_NUMBER_OBJECT_CONVERSION = YES_AGGRESSIVE;
				CLANG_CXX_LANGUAGE_STANDARD = "gnu++14";
				CLANG_CXX_LIBRARY = "libc++";
				CLANG_ENABLE_MODULES = YES;
				CLANG_ENABLE_OBJC_ARC = YES;
				CLANG_ENABLE_OBJC_WEAK = YES;
				CLANG_WARN_BLOCK_CAPTURE_AUTORELEASING = YES;
				CLANG_WARN_BOOL_CONVERSION = YES;
				CLANG_WARN_COMMA = YES;
				CLANG_WARN_CONSTANT_CONVERSION = YES;
				CLANG_WARN_DEPRECATED_OBJC_IMPLEMENTATIONS = YES;
				CLANG_WARN_DIRECT_OBJC_ISA_USAGE = YES_ERROR;
				CLANG_WARN_DOCUMENTATION_COMMENTS = YES;
				CLANG_WARN_EMPTY_BODY = YES;
				CLANG_WARN_ENUM_CONVERSION = YES;
				CLANG_WARN_INFINITE_RECURSION = YES;
				CLANG_WARN_INT_CONVERSION = YES;
				CLANG_WARN_NON_LITERAL_NULL_CONVERSION = YES;
				CLANG_WARN_OBJC_IMPLICIT_RETAIN_SELF = YES;
				CLANG_WARN_OBJC_LITERAL_CONVERSION = YES;
				CLANG_WARN_OBJC_ROOT_CLASS = YES_ERROR;
				CLANG_WARN_QUOTED_INCLUDE_IN_FRAMEWORK_HEADER = YES;
				CLANG_WARN_RANGE_LOOP_ANALYSIS = YES;
				CLANG_WARN_STRICT_PROTOTYPES = YES;
				CLANG_WARN_SUSPICIOUS_MOVE = YES;
				CLANG_WARN_UNGUARDED_AVAILABILITY = YES_AGGRESSIVE;
				CLANG_WARN_UNREACHABLE_CODE = YES;
				CLANG_WARN__DUPLICATE_METHOD_MATCH = YES;
				COPY_PHASE_STRIP = NO;
				DEBUG_INFORMATION_FORMAT = "dwarf-with-dsym";
				ENABLE_NS_ASSERTIONS = NO;
				ENABLE_STRICT_OBJC_MSGSEND = YES;
				GCC_C_LANGUAGE_STANDARD = gnu11;
				GCC_NO_COMMON_BLOCKS = YES;
				GCC_WARN_64_TO_32_BIT_CONVERSION = YES;
				GCC_WARN_ABOUT_RETURN_TYPE = YES_ERROR;
				GCC_WARN_UNDECLARED_SELECTOR = YES;
				GCC_WARN_UNINITIALIZED_AUTOS = YES_AGGRESSIVE;
				GCC_WARN_UNUSED_FUNCTION = YES;
				GCC_WARN_UNUSED_VARIABLE = YES;
				IPHONEOS_DEPLOYMENT_TARGET = 14.2;
				MTL_ENABLE_DEBUG_INFO = NO;
				MTL_FAST_MATH = YES;
				SDKROOT = iphoneos;
				SWIFT_COMPILATION_MODE = wholemodule;
				SWIFT_OPTIMIZATION_LEVEL = "-O";
				VALIDATE_PRODUCT = YES;
			};
			name = Release;
		};
		E962847C2583AE5F0012FFE3 /* Debug */ = {
			isa = XCBuildConfiguration;
			baseConfigurationReference = FC71EAD9A458962266DB32AD /* Pods-Lykoi.debug.xcconfig */;
			buildSettings = {
				ASSETCATALOG_COMPILER_APPICON_NAME = AppIcon;
				ASSETCATALOG_COMPILER_GLOBAL_ACCENT_COLOR_NAME = AccentColor;
				CODE_SIGN_ENTITLEMENTS = Lykoi/Lykoi.entitlements;
				CODE_SIGN_STYLE = Automatic;
				DEVELOPMENT_ASSET_PATHS = "\"Lykoi/Preview Content\"";
				DEVELOPMENT_TEAM = JG7P2QYPN7;
				ENABLE_PREVIEWS = YES;
				INFOPLIST_FILE = Lykoi/Info.plist;
				IPHONEOS_DEPLOYMENT_TARGET = 14.0;
				"IPHONEOS_DEPLOYMENT_TARGET[sdk=macosx*]" = 14.2;
				LD_RUNPATH_SEARCH_PATHS = (
					"$(inherited)",
					"@executable_path/Frameworks",
				);
				PRODUCT_BUNDLE_IDENTIFIER = com.yleaks.Lykoi;
				PRODUCT_NAME = "$(TARGET_NAME)";
				SUPPORTS_MACCATALYST = YES;
				SWIFT_VERSION = 5.0;
				TARGETED_DEVICE_FAMILY = "1,2";
			};
			name = Debug;
		};
		E962847D2583AE5F0012FFE3 /* Release */ = {
			isa = XCBuildConfiguration;
			baseConfigurationReference = 3C0874C8B2D6E67EB114AC77 /* Pods-Lykoi.release.xcconfig */;
			buildSettings = {
				ASSETCATALOG_COMPILER_APPICON_NAME = AppIcon;
				ASSETCATALOG_COMPILER_GLOBAL_ACCENT_COLOR_NAME = AccentColor;
				CODE_SIGN_ENTITLEMENTS = Lykoi/Lykoi.entitlements;
				CODE_SIGN_STYLE = Automatic;
				DEVELOPMENT_ASSET_PATHS = "\"Lykoi/Preview Content\"";
				DEVELOPMENT_TEAM = JG7P2QYPN7;
				ENABLE_PREVIEWS = YES;
				INFOPLIST_FILE = Lykoi/Info.plist;
				IPHONEOS_DEPLOYMENT_TARGET = 14.0;
				"IPHONEOS_DEPLOYMENT_TARGET[sdk=macosx*]" = 14.2;
				LD_RUNPATH_SEARCH_PATHS = (
					"$(inherited)",
					"@executable_path/Frameworks",
				);
				PRODUCT_BUNDLE_IDENTIFIER = com.yleaks.Lykoi;
				PRODUCT_NAME = "$(TARGET_NAME)";
				SUPPORTS_MACCATALYST = YES;
				SWIFT_VERSION = 5.0;
				TARGETED_DEVICE_FAMILY = "1,2";
			};
			name = Release;
		};
/* End XCBuildConfiguration section */

/* Begin XCConfigurationList section */
		E96284622583AE5D0012FFE3 /* Build configuration list for PBXProject "Lykoi" */ = {
			isa = XCConfigurationList;
			buildConfigurations = (
				E96284792583AE5F0012FFE3 /* Debug */,
				E962847A2583AE5F0012FFE3 /* Release */,
			);
			defaultConfigurationIsVisible = 0;
			defaultConfigurationName = Release;
		};
		E962847B2583AE5F0012FFE3 /* Build configuration list for PBXNativeTarget "Lykoi" */ = {
			isa = XCConfigurationList;
			buildConfigurations = (
				E962847C2583AE5F0012FFE3 /* Debug */,
				E962847D2583AE5F0012FFE3 /* Release */,
			);
			defaultConfigurationIsVisible = 0;
			defaultConfigurationName = Release;
		};
/* End XCConfigurationList section */

/* Begin XCVersionGroup section */
		E96284752583AE5F0012FFE3 /* Lykoi.xcdatamodeld */ = {
			isa = XCVersionGroup;
			children = (
				E96284762583AE5F0012FFE3 /* Lykoi.xcdatamodel */,
			);
			currentVersion = E96284762583AE5F0012FFE3 /* Lykoi.xcdatamodel */;
			path = Lykoi.xcdatamodeld;
			sourceTree = "<group>";
			versionGroupType = wrapper.xcdatamodel;
		};
/* End XCVersionGroup section */
	};
	rootObject = E962845F2583AE5D0012FFE3 /* Project object */;
}
