// !$*UTF8*$!
{
	archiveVersion = 1;
	classes = {
	};
	objectVersion = 52;
	objects = {

/* Begin PBXBuildFile section */
		54096F0DA790CCA933478329 /* Pods_Lykoi.framework in Frameworks */ = {isa = PBXBuildFile; fileRef = C783A304EC055A4066BB73BC /* Pods_Lykoi.framework */; };
		CBDFC0BE92F1563F3ADB0B82 /* PDFDoc.swift in Sources */ = {isa = PBXBuildFile; fileRef = CBDFC9EBDF4F157515EB92B0 /* PDFDoc.swift */; };
		CBDFC27584ABFD61676F61B6 /* PDFPage.swift in Sources */ = {isa = PBXBuildFile; fileRef = CBDFCEF205C10150AD452C39 /* PDFPage.swift */; };
		CBDFC46E970566E1BDD91933 /* sample.pdf in Resources */ = {isa = PBXBuildFile; fileRef = CBDFCF9D8157C3B4B7A99FD9 /* sample.pdf */; };
		CBDFC4F3482BF77FCACB035A /* Persistence.swift in Sources */ = {isa = PBXBuildFile; fileRef = CBDFC54CB21B39898B1FFA61 /* Persistence.swift */; };
		CBDFC55694996D68DD88E246 /* PDFDocViewController.swift in Sources */ = {isa = PBXBuildFile; fileRef = CBDFC99147B065950931871D /* PDFDocViewController.swift */; };
		CBDFC6965954D1CF2391FE33 /* PDFDocViewModel.swift in Sources */ = {isa = PBXBuildFile; fileRef = CBDFC8AA9112DAEC0BFF69CC /* PDFDocViewModel.swift */; };
		CBDFC767AA8235BB009F843B /* PDFPageView.swift in Sources */ = {isa = PBXBuildFile; fileRef = CBDFC87AA2B07D1BC8FBC262 /* PDFPageView.swift */; };
		CBDFC81579F871D18C7362AC /* MagnifyView.swift in Sources */ = {isa = PBXBuildFile; fileRef = CBDFC938E1DE20BA13CBCABF /* MagnifyView.swift */; };
		E95F54DB2584568500510006 /* libc++.tbd in Frameworks */ = {isa = PBXBuildFile; fileRef = E95F54DA2584568500510006 /* libc++.tbd */; };
		E95F55012584D4BD00510006 /* libpdfium.a in Frameworks */ = {isa = PBXBuildFile; fileRef = E95F55002584D4BD00510006 /* libpdfium.a */; platformFilter = ios; };
		E962846B2583AE5D0012FFE3 /* LykoiApp.swift in Sources */ = {isa = PBXBuildFile; fileRef = E962846A2583AE5D0012FFE3 /* LykoiApp.swift */; };
		E962846F2583AE5F0012FFE3 /* Assets.xcassets in Resources */ = {isa = PBXBuildFile; fileRef = E962846E2583AE5F0012FFE3 /* Assets.xcassets */; };
		E96284722583AE5F0012FFE3 /* Preview Assets.xcassets in Resources */ = {isa = PBXBuildFile; fileRef = E96284712583AE5F0012FFE3 /* Preview Assets.xcassets */; };
		E96284772583AE5F0012FFE3 /* Lykoi.xcdatamodeld in Sources */ = {isa = PBXBuildFile; fileRef = E96284752583AE5F0012FFE3 /* Lykoi.xcdatamodeld */; };
		E99D30342584F54100944B40 /* DocumentListView.swift in Sources */ = {isa = PBXBuildFile; fileRef = E99D302E2584F54000944B40 /* DocumentListView.swift */; };
		E99D30352584F54100944B40 /* DocumentListItemView.swift in Sources */ = {isa = PBXBuildFile; fileRef = E99D302F2584F54000944B40 /* DocumentListItemView.swift */; };
		E99D30362584F54100944B40 /* ContentView.swift in Sources */ = {isa = PBXBuildFile; fileRef = E99D30302584F54100944B40 /* ContentView.swift */; };
		E99D30372584F54100944B40 /* HomePageActionBar.swift in Sources */ = {isa = PBXBuildFile; fileRef = E99D30312584F54100944B40 /* HomePageActionBar.swift */; };
		E99D30382584F54100944B40 /* HomePageTopBarView.swift in Sources */ = {isa = PBXBuildFile; fileRef = E99D30322584F54100944B40 /* HomePageTopBarView.swift */; };
		E99D30392584F54100944B40 /* LyDividerView.swift in Sources */ = {isa = PBXBuildFile; fileRef = E99D30332584F54100944B40 /* LyDividerView.swift */; };
		E99D30402584F54A00944B40 /* PDFDocHostView.swift in Sources */ = {isa = PBXBuildFile; fileRef = E99D303C2584F54A00944B40 /* PDFDocHostView.swift */; };
		E99D30412584F54A00944B40 /* EditorBarView.swift in Sources */ = {isa = PBXBuildFile; fileRef = E99D303D2584F54A00944B40 /* EditorBarView.swift */; };
		E99D30422584F54A00944B40 /* TopBarView.swift in Sources */ = {isa = PBXBuildFile; fileRef = E99D303E2584F54A00944B40 /* TopBarView.swift */; };
		E99D30462584F62A00944B40 /* Models.swift in Sources */ = {isa = PBXBuildFile; fileRef = E99D30452584F62A00944B40 /* Models.swift */; };
		E9C5CBCA258A753E006BF0ED /* DragGestureRecognizer.swift in Sources */ = {isa = PBXBuildFile; fileRef = E9C5CBC9258A753E006BF0ED /* DragGestureRecognizer.swift */; };
		E9C5CBCD258A759D006BF0ED /* StrokeCollection.swift in Sources */ = {isa = PBXBuildFile; fileRef = E9C5CBCC258A759D006BF0ED /* StrokeCollection.swift */; };
		E9C5CBD0258A7616006BF0ED /* UICollectionViewScaleLayout.swift in Sources */ = {isa = PBXBuildFile; fileRef = E9C5CBCF258A7616006BF0ED /* UICollectionViewScaleLayout.swift */; };
/* End PBXBuildFile section */

/* Begin PBXFileReference section */
		3C0874C8B2D6E67EB114AC77 /* Pods-Lykoi.release.xcconfig */ = {isa = PBXFileReference; includeInIndex = 1; lastKnownFileType = text.xcconfig; name = "Pods-Lykoi.release.xcconfig"; path = "Target Support Files/Pods-Lykoi/Pods-Lykoi.release.xcconfig"; sourceTree = "<group>"; };
		C783A304EC055A4066BB73BC /* Pods_Lykoi.framework */ = {isa = PBXFileReference; explicitFileType = wrapper.framework; includeInIndex = 0; path = Pods_Lykoi.framework; sourceTree = BUILT_PRODUCTS_DIR; };
		CBDFC54CB21B39898B1FFA61 /* Persistence.swift */ = {isa = PBXFileReference; fileEncoding = 4; lastKnownFileType = sourcecode.swift; path = Persistence.swift; sourceTree = "<group>"; };
		CBDFC73BFAB1C46D71C784B6 /* Lykoi.entitlements */ = {isa = PBXFileReference; fileEncoding = 4; lastKnownFileType = text.plist.entitlements; path = Lykoi.entitlements; sourceTree = "<group>"; };
		CBDFC87AA2B07D1BC8FBC262 /* PDFPageView.swift */ = {isa = PBXFileReference; fileEncoding = 4; lastKnownFileType = sourcecode.swift; path = PDFPageView.swift; sourceTree = "<group>"; };
		CBDFC8AA9112DAEC0BFF69CC /* PDFDocViewModel.swift */ = {isa = PBXFileReference; fileEncoding = 4; lastKnownFileType = sourcecode.swift; path = PDFDocViewModel.swift; sourceTree = "<group>"; };
		CBDFC938E1DE20BA13CBCABF /* MagnifyView.swift */ = {isa = PBXFileReference; fileEncoding = 4; lastKnownFileType = sourcecode.swift; path = MagnifyView.swift; sourceTree = "<group>"; };
		CBDFC99147B065950931871D /* PDFDocViewController.swift */ = {isa = PBXFileReference; fileEncoding = 4; lastKnownFileType = sourcecode.swift; path = PDFDocViewController.swift; sourceTree = "<group>"; };
		CBDFC9EBDF4F157515EB92B0 /* PDFDoc.swift */ = {isa = PBXFileReference; fileEncoding = 4; lastKnownFileType = sourcecode.swift; path = PDFDoc.swift; sourceTree = "<group>"; };
		CBDFCEF205C10150AD452C39 /* PDFPage.swift */ = {isa = PBXFileReference; fileEncoding = 4; lastKnownFileType = sourcecode.swift; path = PDFPage.swift; sourceTree = "<group>"; };
		CBDFCF9D8157C3B4B7A99FD9 /* sample.pdf */ = {isa = PBXFileReference; lastKnownFileType = image.pdf; path = sample.pdf; sourceTree = "<group>"; };
		E95F54DA2584568500510006 /* libc++.tbd */ = {isa = PBXFileReference; lastKnownFileType = "sourcecode.text-based-dylib-definition"; name = "libc++.tbd"; path = "Platforms/MacOSX.platform/Developer/SDKs/MacOSX11.0.sdk/usr/lib/libc++.tbd"; sourceTree = DEVELOPER_DIR; };
		E95F54DD2584574B00510006 /* Lykoi-Bridging-Header.h */ = {isa = PBXFileReference; lastKnownFileType = sourcecode.c.h; path = "Lykoi-Bridging-Header.h"; sourceTree = "<group>"; };
		E95F54E32584579500510006 /* fpdfview.h */ = {isa = PBXFileReference; fileEncoding = 4; lastKnownFileType = sourcecode.c.h; path = fpdfview.h; sourceTree = "<group>"; };
		E95F54E42584579500510006 /* fpdf_structtree.h */ = {isa = PBXFileReference; fileEncoding = 4; lastKnownFileType = sourcecode.c.h; path = fpdf_structtree.h; sourceTree = "<group>"; };
		E95F54E52584579500510006 /* fpdf_text.h */ = {isa = PBXFileReference; fileEncoding = 4; lastKnownFileType = sourcecode.c.h; path = fpdf_text.h; sourceTree = "<group>"; };
		E95F54E62584579500510006 /* fpdf_flatten.h */ = {isa = PBXFileReference; fileEncoding = 4; lastKnownFileType = sourcecode.c.h; path = fpdf_flatten.h; sourceTree = "<group>"; };
		E95F54E72584579500510006 /* fpdf_annot.h */ = {isa = PBXFileReference; fileEncoding = 4; lastKnownFileType = sourcecode.c.h; path = fpdf_annot.h; sourceTree = "<group>"; };
		E95F54E82584579500510006 /* fpdf_signature.h */ = {isa = PBXFileReference; fileEncoding = 4; lastKnownFileType = sourcecode.c.h; path = fpdf_signature.h; sourceTree = "<group>"; };
		E95F54E92584579500510006 /* fpdf_formfill.h */ = {isa = PBXFileReference; fileEncoding = 4; lastKnownFileType = sourcecode.c.h; path = fpdf_formfill.h; sourceTree = "<group>"; };
		E95F54EA2584579500510006 /* fpdf_dataavail.h */ = {isa = PBXFileReference; fileEncoding = 4; lastKnownFileType = sourcecode.c.h; path = fpdf_dataavail.h; sourceTree = "<group>"; };
		E95F54EB2584579500510006 /* fpdf_edit.h */ = {isa = PBXFileReference; fileEncoding = 4; lastKnownFileType = sourcecode.c.h; path = fpdf_edit.h; sourceTree = "<group>"; };
		E95F54EC2584579500510006 /* fpdf_sysfontinfo.h */ = {isa = PBXFileReference; fileEncoding = 4; lastKnownFileType = sourcecode.c.h; path = fpdf_sysfontinfo.h; sourceTree = "<group>"; };
		E95F54ED2584579500510006 /* fpdf_thumbnail.h */ = {isa = PBXFileReference; fileEncoding = 4; lastKnownFileType = sourcecode.c.h; path = fpdf_thumbnail.h; sourceTree = "<group>"; };
		E95F54EE2584579500510006 /* fpdf_ext.h */ = {isa = PBXFileReference; fileEncoding = 4; lastKnownFileType = sourcecode.c.h; path = fpdf_ext.h; sourceTree = "<group>"; };
		E95F54EF2584579500510006 /* fpdf_catalog.h */ = {isa = PBXFileReference; fileEncoding = 4; lastKnownFileType = sourcecode.c.h; path = fpdf_catalog.h; sourceTree = "<group>"; };
		E95F54F02584579500510006 /* fpdf_searchex.h */ = {isa = PBXFileReference; fileEncoding = 4; lastKnownFileType = sourcecode.c.h; path = fpdf_searchex.h; sourceTree = "<group>"; };
		E95F54F12584579500510006 /* fpdf_javascript.h */ = {isa = PBXFileReference; fileEncoding = 4; lastKnownFileType = sourcecode.c.h; path = fpdf_javascript.h; sourceTree = "<group>"; };
		E95F54F22584579500510006 /* fpdf_ppo.h */ = {isa = PBXFileReference; fileEncoding = 4; lastKnownFileType = sourcecode.c.h; path = fpdf_ppo.h; sourceTree = "<group>"; };
		E95F54F32584579500510006 /* fpdf_attachment.h */ = {isa = PBXFileReference; fileEncoding = 4; lastKnownFileType = sourcecode.c.h; path = fpdf_attachment.h; sourceTree = "<group>"; };
		E95F54F42584579500510006 /* fpdf_fwlevent.h */ = {isa = PBXFileReference; fileEncoding = 4; lastKnownFileType = sourcecode.c.h; path = fpdf_fwlevent.h; sourceTree = "<group>"; };
		E95F54F52584579500510006 /* fpdf_doc.h */ = {isa = PBXFileReference; fileEncoding = 4; lastKnownFileType = sourcecode.c.h; path = fpdf_doc.h; sourceTree = "<group>"; };
		E95F54F62584579500510006 /* fpdf_transformpage.h */ = {isa = PBXFileReference; fileEncoding = 4; lastKnownFileType = sourcecode.c.h; path = fpdf_transformpage.h; sourceTree = "<group>"; };
		E95F54F72584579500510006 /* fpdf_progressive.h */ = {isa = PBXFileReference; fileEncoding = 4; lastKnownFileType = sourcecode.c.h; path = fpdf_progressive.h; sourceTree = "<group>"; };
		E95F54F82584579500510006 /* fpdf_save.h */ = {isa = PBXFileReference; fileEncoding = 4; lastKnownFileType = sourcecode.c.h; path = fpdf_save.h; sourceTree = "<group>"; };
		E95F55002584D4BD00510006 /* libpdfium.a */ = {isa = PBXFileReference; lastKnownFileType = archive.ar; name = libpdfium.a; path = Lykoi/PDFium/libpdfium.a; sourceTree = "<group>"; };
		E96284672583AE5D0012FFE3 /* Lykoi.app */ = {isa = PBXFileReference; explicitFileType = wrapper.application; includeInIndex = 0; path = Lykoi.app; sourceTree = BUILT_PRODUCTS_DIR; };
		E962846A2583AE5D0012FFE3 /* LykoiApp.swift */ = {isa = PBXFileReference; lastKnownFileType = sourcecode.swift; path = LykoiApp.swift; sourceTree = "<group>"; };
		E962846E2583AE5F0012FFE3 /* Assets.xcassets */ = {isa = PBXFileReference; lastKnownFileType = folder.assetcatalog; path = Assets.xcassets; sourceTree = "<group>"; };
		E96284712583AE5F0012FFE3 /* Preview Assets.xcassets */ = {isa = PBXFileReference; lastKnownFileType = folder.assetcatalog; path = "Preview Assets.xcassets"; sourceTree = "<group>"; };
		E96284762583AE5F0012FFE3 /* Lykoi.xcdatamodel */ = {isa = PBXFileReference; lastKnownFileType = wrapper.xcdatamodel; path = Lykoi.xcdatamodel; sourceTree = "<group>"; };
		E96284782583AE5F0012FFE3 /* Info.plist */ = {isa = PBXFileReference; lastKnownFileType = text.plist.xml; path = Info.plist; sourceTree = "<group>"; };
		E99D302E2584F54000944B40 /* DocumentListView.swift */ = {isa = PBXFileReference; fileEncoding = 4; lastKnownFileType = sourcecode.swift; path = DocumentListView.swift; sourceTree = "<group>"; };
		E99D302F2584F54000944B40 /* DocumentListItemView.swift */ = {isa = PBXFileReference; fileEncoding = 4; lastKnownFileType = sourcecode.swift; path = DocumentListItemView.swift; sourceTree = "<group>"; };
		E99D30302584F54100944B40 /* ContentView.swift */ = {isa = PBXFileReference; fileEncoding = 4; lastKnownFileType = sourcecode.swift; path = ContentView.swift; sourceTree = "<group>"; };
		E99D30312584F54100944B40 /* HomePageActionBar.swift */ = {isa = PBXFileReference; fileEncoding = 4; lastKnownFileType = sourcecode.swift; path = HomePageActionBar.swift; sourceTree = "<group>"; };
		E99D30322584F54100944B40 /* HomePageTopBarView.swift */ = {isa = PBXFileReference; fileEncoding = 4; lastKnownFileType = sourcecode.swift; path = HomePageTopBarView.swift; sourceTree = "<group>"; };
		E99D30332584F54100944B40 /* LyDividerView.swift */ = {isa = PBXFileReference; fileEncoding = 4; lastKnownFileType = sourcecode.swift; path = LyDividerView.swift; sourceTree = "<group>"; };
		E99D303C2584F54A00944B40 /* PDFDocHostView.swift */ = {isa = PBXFileReference; fileEncoding = 4; lastKnownFileType = sourcecode.swift; path = PDFDocHostView.swift; sourceTree = "<group>"; };
		E99D303D2584F54A00944B40 /* EditorBarView.swift */ = {isa = PBXFileReference; fileEncoding = 4; lastKnownFileType = sourcecode.swift; path = EditorBarView.swift; sourceTree = "<group>"; };
		E99D303E2584F54A00944B40 /* TopBarView.swift */ = {isa = PBXFileReference; fileEncoding = 4; lastKnownFileType = sourcecode.swift; path = TopBarView.swift; sourceTree = "<group>"; };
		E99D30452584F62A00944B40 /* Models.swift */ = {isa = PBXFileReference; fileEncoding = 4; lastKnownFileType = sourcecode.swift; path = Models.swift; sourceTree = "<group>"; };
		E9C5CBC9258A753E006BF0ED /* DragGestureRecognizer.swift */ = {isa = PBXFileReference; lastKnownFileType = sourcecode.swift; path = DragGestureRecognizer.swift; sourceTree = "<group>"; };
		E9C5CBCC258A759D006BF0ED /* StrokeCollection.swift */ = {isa = PBXFileReference; lastKnownFileType = sourcecode.swift; path = StrokeCollection.swift; sourceTree = "<group>"; };
		E9C5CBCF258A7616006BF0ED /* UICollectionViewScaleLayout.swift */ = {isa = PBXFileReference; lastKnownFileType = sourcecode.swift; path = UICollectionViewScaleLayout.swift; sourceTree = "<group>"; };
		FC71EAD9A458962266DB32AD /* Pods-Lykoi.debug.xcconfig */ = {isa = PBXFileReference; includeInIndex = 1; lastKnownFileType = text.xcconfig; name = "Pods-Lykoi.debug.xcconfig"; path = "Target Support Files/Pods-Lykoi/Pods-Lykoi.debug.xcconfig"; sourceTree = "<group>"; };
/* End PBXFileReference section */

/* Begin PBXFrameworksBuildPhase section */
		E96284642583AE5D0012FFE3 /* Frameworks */ = {
			isa = PBXFrameworksBuildPhase;
			buildActionMask = 2147483647;
			files = (
				E95F55012584D4BD00510006 /* libpdfium.a in Frameworks */,
				E95F54DB2584568500510006 /* libc++.tbd in Frameworks */,
				54096F0DA790CCA933478329 /* Pods_Lykoi.framework in Frameworks */,
			);
			runOnlyForDeploymentPostprocessing = 0;
		};
/* End PBXFrameworksBuildPhase section */

/* Begin PBXGroup section */
		483FB2B7A963D914B1B9D127 /* Pods */ = {
			isa = PBXGroup;
			children = (
				FC71EAD9A458962266DB32AD /* Pods-Lykoi.debug.xcconfig */,
				3C0874C8B2D6E67EB114AC77 /* Pods-Lykoi.release.xcconfig */,
			);
			path = Pods;
			sourceTree = "<group>";
		};
		CBDFC0F80B6EC6998C3247BF /* CoreData */ = {
			isa = PBXGroup;
			children = (
				E96284752583AE5F0012FFE3 /* Lykoi.xcdatamodeld */,
				CBDFC54CB21B39898B1FFA61 /* Persistence.swift */,
			);
			path = CoreData;
			sourceTree = "<group>";
		};
		CBDFC3139A3B05BFAD988666 /* ViewModel */ = {
			isa = PBXGroup;
			children = (
				CBDFC8AA9112DAEC0BFF69CC /* PDFDocViewModel.swift */,
				CBDFC9EBDF4F157515EB92B0 /* PDFDoc.swift */,
				CBDFCEF205C10150AD452C39 /* PDFPage.swift */,
			);
			path = ViewModel;
			sourceTree = "<group>";
		};
		DDBB448F48B1AD9FB64EA49A /* Frameworks */ = {
			isa = PBXGroup;
			children = (
				E95F55002584D4BD00510006 /* libpdfium.a */,
				E95F54DA2584568500510006 /* libc++.tbd */,
				C783A304EC055A4066BB73BC /* Pods_Lykoi.framework */,
			);
			name = Frameworks;
			sourceTree = "<group>";
		};
		E95F54D5258455F900510006 /* PDFium */ = {
			isa = PBXGroup;
			children = (
				E95F54E72584579500510006 /* fpdf_annot.h */,
				E95F54F32584579500510006 /* fpdf_attachment.h */,
				E95F54EF2584579500510006 /* fpdf_catalog.h */,
				E95F54EA2584579500510006 /* fpdf_dataavail.h */,
				E95F54F52584579500510006 /* fpdf_doc.h */,
				E95F54EB2584579500510006 /* fpdf_edit.h */,
				E95F54EE2584579500510006 /* fpdf_ext.h */,
				E95F54E62584579500510006 /* fpdf_flatten.h */,
				E95F54E92584579500510006 /* fpdf_formfill.h */,
				E95F54F42584579500510006 /* fpdf_fwlevent.h */,
				E95F54F12584579500510006 /* fpdf_javascript.h */,
				E95F54F22584579500510006 /* fpdf_ppo.h */,
				E95F54F72584579500510006 /* fpdf_progressive.h */,
				E95F54F82584579500510006 /* fpdf_save.h */,
				E95F54F02584579500510006 /* fpdf_searchex.h */,
				E95F54E82584579500510006 /* fpdf_signature.h */,
				E95F54E42584579500510006 /* fpdf_structtree.h */,
				E95F54EC2584579500510006 /* fpdf_sysfontinfo.h */,
				E95F54E52584579500510006 /* fpdf_text.h */,
				E95F54ED2584579500510006 /* fpdf_thumbnail.h */,
				E95F54F62584579500510006 /* fpdf_transformpage.h */,
				E95F54E32584579500510006 /* fpdfview.h */,
			);
			path = PDFium;
			sourceTree = "<group>";
		};
		E962845E2583AE5D0012FFE3 = {
			isa = PBXGroup;
			children = (
				E96284692583AE5D0012FFE3 /* Lykoi */,
				E96284682583AE5D0012FFE3 /* Products */,
				483FB2B7A963D914B1B9D127 /* Pods */,
				DDBB448F48B1AD9FB64EA49A /* Frameworks */,
			);
			sourceTree = "<group>";
		};
		E96284682583AE5D0012FFE3 /* Products */ = {
			isa = PBXGroup;
			children = (
				E96284672583AE5D0012FFE3 /* Lykoi.app */,
			);
			name = Products;
			sourceTree = "<group>";
		};
		E96284692583AE5D0012FFE3 /* Lykoi */ = {
			isa = PBXGroup;
			children = (
				E99D30442584F61A00944B40 /* Models */,
				E99D302D2584F52200944B40 /* PDFView */,
				E99D302C2584F4F900944B40 /* HomePage */,
				E95F54D5258455F900510006 /* PDFium */,
				E962846A2583AE5D0012FFE3 /* LykoiApp.swift */,
				E95F54DD2584574B00510006 /* Lykoi-Bridging-Header.h */,
				E962846E2583AE5F0012FFE3 /* Assets.xcassets */,
				E96284782583AE5F0012FFE3 /* Info.plist */,
				CBDFC73BFAB1C46D71C784B6 /* Lykoi.entitlements */,
				E96284702583AE5F0012FFE3 /* Preview Content */,
				CBDFC0F80B6EC6998C3247BF /* CoreData */,
				CBDFC3139A3B05BFAD988666 /* ViewModel */,
			);
			path = Lykoi;
			sourceTree = "<group>";
		};
		E96284702583AE5F0012FFE3 /* Preview Content */ = {
			isa = PBXGroup;
			children = (
				E96284712583AE5F0012FFE3 /* Preview Assets.xcassets */,
				CBDFCF9D8157C3B4B7A99FD9 /* sample.pdf */,
			);
			path = "Preview Content";
			sourceTree = "<group>";
		};
		E99D302C2584F4F900944B40 /* HomePage */ = {
			isa = PBXGroup;
			children = (
				E99D30302584F54100944B40 /* ContentView.swift */,
				E99D302F2584F54000944B40 /* DocumentListItemView.swift */,
				E99D302E2584F54000944B40 /* DocumentListView.swift */,
				E99D30312584F54100944B40 /* HomePageActionBar.swift */,
				E99D30322584F54100944B40 /* HomePageTopBarView.swift */,
				E99D30332584F54100944B40 /* LyDividerView.swift */,
			);
			path = HomePage;
			sourceTree = "<group>";
		};
		E99D302D2584F52200944B40 /* PDFView */ = {
			isa = PBXGroup;
			children = (
				E99D303D2584F54A00944B40 /* EditorBarView.swift */,
				E99D303C2584F54A00944B40 /* PDFDocHostView.swift */,
				E99D303E2584F54A00944B40 /* TopBarView.swift */,
				CBDFC938E1DE20BA13CBCABF /* MagnifyView.swift */,
				CBDFC99147B065950931871D /* PDFDocViewController.swift */,
				CBDFC87AA2B07D1BC8FBC262 /* PDFPageView.swift */,
			);
			path = PDFView;
			sourceTree = "<group>";
		};
		E99D30442584F61A00944B40 /* Models */ = {
			isa = PBXGroup;
			children = (
				E99D30452584F62A00944B40 /* Models.swift */,
				E9C5CBC9258A753E006BF0ED /* DragGestureRecognizer.swift */,
				E9C5CBCC258A759D006BF0ED /* StrokeCollection.swift */,
				E9C5CBCF258A7616006BF0ED /* UICollectionViewScaleLayout.swift */,
			);
			path = Models;
			sourceTree = "<group>";
		};
/* End PBXGroup section */

/* Begin PBXNativeTarget section */
		E96284662583AE5D0012FFE3 /* Lykoi */ = {
			isa = PBXNativeTarget;
			buildConfigurationList = E962847B2583AE5F0012FFE3 /* Build configuration list for PBXNativeTarget "Lykoi" */;
			buildPhases = (
				CB0D3C4CB886F7546F82C0ED /* [CP] Check Pods Manifest.lock */,
				E96284632583AE5D0012FFE3 /* Sources */,
				E96284642583AE5D0012FFE3 /* Frameworks */,
				E96284652583AE5D0012FFE3 /* Resources */,
				4687D22EBBD2FD6048D461D3 /* [CP] Embed Pods Frameworks */,
			);
			buildRules = (
			);
			dependencies = (
			);
			name = Lykoi;
			productName = Lykoi;
			productReference = E96284672583AE5D0012FFE3 /* Lykoi.app */;
			productType = "com.apple.product-type.application";
		};
/* End PBXNativeTarget section */

/* Begin PBXProject section */
		E962845F2583AE5D0012FFE3 /* Project object */ = {
			isa = PBXProject;
			attributes = {
				LastSwiftUpdateCheck = 1220;
				LastUpgradeCheck = 1220;
				TargetAttributes = {
					E96284662583AE5D0012FFE3 = {
						CreatedOnToolsVersion = 12.2;
						LastSwiftMigration = 1220;
					};
				};
			};
			buildConfigurationList = E96284622583AE5D0012FFE3 /* Build configuration list for PBXProject "Lykoi" */;
			compatibilityVersion = "Xcode 9.3";
			developmentRegion = en;
			hasScannedForEncodings = 0;
			knownRegions = (
				en,
				Base,
			);
			mainGroup = E962845E2583AE5D0012FFE3;
			productRefGroup = E96284682583AE5D0012FFE3 /* Products */;
			projectDirPath = "";
			projectRoot = "";
			targets = (
				E96284662583AE5D0012FFE3 /* Lykoi */,
			);
		};
/* End PBXProject section */

/* Begin PBXResourcesBuildPhase section */
		E96284652583AE5D0012FFE3 /* Resources */ = {
			isa = PBXResourcesBuildPhase;
			buildActionMask = 2147483647;
			files = (
				E96284722583AE5F0012FFE3 /* Preview Assets.xcassets in Resources */,
				E962846F2583AE5F0012FFE3 /* Assets.xcassets in Resources */,
				CBDFC46E970566E1BDD91933 /* sample.pdf in Resources */,
			);
			runOnlyForDeploymentPostprocessing = 0;
		};
/* End PBXResourcesBuildPhase section */

/* Begin PBXShellScriptBuildPhase section */
		4687D22EBBD2FD6048D461D3 /* [CP] Embed Pods Frameworks */ = {
			isa = PBXShellScriptBuildPhase;
			buildActionMask = 2147483647;
			files = (
			);
			inputFileListPaths = (
				"${PODS_ROOT}/Target Support Files/Pods-Lykoi/Pods-Lykoi-frameworks-${CONFIGURATION}-input-files.xcfilelist",
			);
			name = "[CP] Embed Pods Frameworks";
			outputFileListPaths = (
				"${PODS_ROOT}/Target Support Files/Pods-Lykoi/Pods-Lykoi-frameworks-${CONFIGURATION}-output-files.xcfilelist",
			);
			runOnlyForDeploymentPostprocessing = 0;
			shellPath = /bin/sh;
			shellScript = "\"${PODS_ROOT}/Target Support Files/Pods-Lykoi/Pods-Lykoi-frameworks.sh\"\n";
			showEnvVarsInLog = 0;
		};
		CB0D3C4CB886F7546F82C0ED /* [CP] Check Pods Manifest.lock */ = {
			isa = PBXShellScriptBuildPhase;
			buildActionMask = 2147483647;
			files = (
			);
			inputFileListPaths = (
			);
			inputPaths = (
				"${PODS_PODFILE_DIR_PATH}/Podfile.lock",
				"${PODS_ROOT}/Manifest.lock",
			);
			name = "[CP] Check Pods Manifest.lock";
			outputFileListPaths = (
			);
			outputPaths = (
				"$(DERIVED_FILE_DIR)/Pods-Lykoi-checkManifestLockResult.txt",
			);
			runOnlyForDeploymentPostprocessing = 0;
			shellPath = /bin/sh;
			shellScript = "diff \"${PODS_PODFILE_DIR_PATH}/Podfile.lock\" \"${PODS_ROOT}/Manifest.lock\" > /dev/null\nif [ $? != 0 ] ; then\n    # print error to STDERR\n    echo \"error: The sandbox is not in sync with the Podfile.lock. Run 'pod install' or update your CocoaPods installation.\" >&2\n    exit 1\nfi\n# This output is used by Xcode 'outputs' to avoid re-running this script phase.\necho \"SUCCESS\" > \"${SCRIPT_OUTPUT_FILE_0}\"\n";
			showEnvVarsInLog = 0;
		};
/* End PBXShellScriptBuildPhase section */

/* Begin PBXSourcesBuildPhase section */
		E96284632583AE5D0012FFE3 /* Sources */ = {
			isa = PBXSourcesBuildPhase;
			buildActionMask = 2147483647;
			files = (
				E9C5CBCA258A753E006BF0ED /* DragGestureRecognizer.swift in Sources */,
				E96284772583AE5F0012FFE3 /* Lykoi.xcdatamodeld in Sources */,
				E99D30412584F54A00944B40 /* EditorBarView.swift in Sources */,
				E99D30392584F54100944B40 /* LyDividerView.swift in Sources */,
				E99D30422584F54A00944B40 /* TopBarView.swift in Sources */,
				E962846B2583AE5D0012FFE3 /* LykoiApp.swift in Sources */,
				E99D30362584F54100944B40 /* ContentView.swift in Sources */,
				E99D30372584F54100944B40 /* HomePageActionBar.swift in Sources */,
				E99D30382584F54100944B40 /* HomePageTopBarView.swift in Sources */,
				E99D30462584F62A00944B40 /* Models.swift in Sources */,
				CBDFC4F3482BF77FCACB035A /* Persistence.swift in Sources */,
				E99D30402584F54A00944B40 /* PDFDocHostView.swift in Sources */,
				CBDFC6965954D1CF2391FE33 /* PDFDocViewModel.swift in Sources */,
				E9C5CBD0258A7616006BF0ED /* UICollectionViewScaleLayout.swift in Sources */,
				E99D30352584F54100944B40 /* DocumentListItemView.swift in Sources */,
				E99D30342584F54100944B40 /* DocumentListView.swift in Sources */,
				CBDFC0BE92F1563F3ADB0B82 /* PDFDoc.swift in Sources */,
				E9C5CBCD258A759D006BF0ED /* StrokeCollection.swift in Sources */,
				CBDFC27584ABFD61676F61B6 /* PDFPage.swift in Sources */,
				CBDFC81579F871D18C7362AC /* MagnifyView.swift in Sources */,
				CBDFC55694996D68DD88E246 /* PDFDocViewController.swift in Sources */,
				CBDFC767AA8235BB009F843B /* PDFPageView.swift in Sources */,
			);
			runOnlyForDeploymentPostprocessing = 0;
		};
/* End PBXSourcesBuildPhase section */

/* Begin XCBuildConfiguration section */
		E96284792583AE5F0012FFE3 /* Debug */ = {
			isa = XCBuildConfiguration;
			buildSettings = {
				ALWAYS_SEARCH_USER_PATHS = NO;
				CLANG_ANALYZER_NONNULL = YES;
				CLANG_ANALYZER_NUMBER_OBJECT_CONVERSION = YES_AGGRESSIVE;
				CLANG_CXX_LANGUAGE_STANDARD = "gnu++14";
				CLANG_CXX_LIBRARY = "libc++";
				CLANG_ENABLE_MODULES = YES;
				CLANG_ENABLE_OBJC_ARC = YES;
				CLANG_ENABLE_OBJC_WEAK = YES;
				CLANG_WARN_BLOCK_CAPTURE_AUTORELEASING = YES;
				CLANG_WARN_BOOL_CONVERSION = YES;
				CLANG_WARN_COMMA = YES;
				CLANG_WARN_CONSTANT_CONVERSION = YES;
				CLANG_WARN_DEPRECATED_OBJC_IMPLEMENTATIONS = YES;
				CLANG_WARN_DIRECT_OBJC_ISA_USAGE = YES_ERROR;
				CLANG_WARN_DOCUMENTATION_COMMENTS = YES;
				CLANG_WARN_EMPTY_BODY = YES;
				CLANG_WARN_ENUM_CONVERSION = YES;
				CLANG_WARN_INFINITE_RECURSION = YES;
				CLANG_WARN_INT_CONVERSION = YES;
				CLANG_WARN_NON_LITERAL_NULL_CONVERSION = YES;
				CLANG_WARN_OBJC_IMPLICIT_RETAIN_SELF = YES;
				CLANG_WARN_OBJC_LITERAL_CONVERSION = YES;
				CLANG_WARN_OBJC_ROOT_CLASS = YES_ERROR;
				CLANG_WARN_QUOTED_INCLUDE_IN_FRAMEWORK_HEADER = YES;
				CLANG_WARN_RANGE_LOOP_ANALYSIS = YES;
				CLANG_WARN_STRICT_PROTOTYPES = YES;
				CLANG_WARN_SUSPICIOUS_MOVE = YES;
				CLANG_WARN_UNGUARDED_AVAILABILITY = YES_AGGRESSIVE;
				CLANG_WARN_UNREACHABLE_CODE = YES;
				CLANG_WARN__DUPLICATE_METHOD_MATCH = YES;
				COPY_PHASE_STRIP = NO;
				DEBUG_INFORMATION_FORMAT = dwarf;
				ENABLE_STRICT_OBJC_MSGSEND = YES;
				ENABLE_TESTABILITY = YES;
				GCC_C_LANGUAGE_STANDARD = gnu11;
				GCC_DYNAMIC_NO_PIC = NO;
				GCC_NO_COMMON_BLOCKS = YES;
				GCC_OPTIMIZATION_LEVEL = 0;
				GCC_PREPROCESSOR_DEFINITIONS = (
					"DEBUG=1",
					"$(inherited)",
				);
				GCC_WARN_64_TO_32_BIT_CONVERSION = YES;
				GCC_WARN_ABOUT_RETURN_TYPE = YES_ERROR;
				GCC_WARN_UNDECLARED_SELECTOR = YES;
				GCC_WARN_UNINITIALIZED_AUTOS = YES_AGGRESSIVE;
				GCC_WARN_UNUSED_FUNCTION = YES;
				GCC_WARN_UNUSED_VARIABLE = YES;
				IPHONEOS_DEPLOYMENT_TARGET = 14.2;
				MTL_ENABLE_DEBUG_INFO = INCLUDE_SOURCE;
				MTL_FAST_MATH = YES;
				ONLY_ACTIVE_ARCH = YES;
				SDKROOT = iphoneos;
				SWIFT_ACTIVE_COMPILATION_CONDITIONS = DEBUG;
				SWIFT_OPTIMIZATION_LEVEL = "-Onone";
			};
			name = Debug;
		};
		E962847A2583AE5F0012FFE3 /* Release */ = {
			isa = XCBuildConfiguration;
			buildSettings = {
				ALWAYS_SEARCH_USER_PATHS = NO;
				CLANG_ANALYZER_NONNULL = YES;
				CLANG_ANALYZER_NUMBER_OBJECT_CONVERSION = YES_AGGRESSIVE;
				CLANG_CXX_LANGUAGE_STANDARD = "gnu++14";
				CLANG_CXX_LIBRARY = "libc++";
				CLANG_ENABLE_MODULES = YES;
				CLANG_ENABLE_OBJC_ARC = YES;
				CLANG_ENABLE_OBJC_WEAK = YES;
				CLANG_WARN_BLOCK_CAPTURE_AUTORELEASING = YES;
				CLANG_WARN_BOOL_CONVERSION = YES;
				CLANG_WARN_COMMA = YES;
				CLANG_WARN_CONSTANT_CONVERSION = YES;
				CLANG_WARN_DEPRECATED_OBJC_IMPLEMENTATIONS = YES;
				CLANG_WARN_DIRECT_OBJC_ISA_USAGE = YES_ERROR;
				CLANG_WARN_DOCUMENTATION_COMMENTS = YES;
				CLANG_WARN_EMPTY_BODY = YES;
				CLANG_WARN_ENUM_CONVERSION = YES;
				CLANG_WARN_INFINITE_RECURSION = YES;
				CLANG_WARN_INT_CONVERSION = YES;
				CLANG_WARN_NON_LITERAL_NULL_CONVERSION = YES;
				CLANG_WARN_OBJC_IMPLICIT_RETAIN_SELF = YES;
				CLANG_WARN_OBJC_LITERAL_CONVERSION = YES;
				CLANG_WARN_OBJC_ROOT_CLASS = YES_ERROR;
				CLANG_WARN_QUOTED_INCLUDE_IN_FRAMEWORK_HEADER = YES;
				CLANG_WARN_RANGE_LOOP_ANALYSIS = YES;
				CLANG_WARN_STRICT_PROTOTYPES = YES;
				CLANG_WARN_SUSPICIOUS_MOVE = YES;
				CLANG_WARN_UNGUARDED_AVAILABILITY = YES_AGGRESSIVE;
				CLANG_WARN_UNREACHABLE_CODE = YES;
				CLANG_WARN__DUPLICATE_METHOD_MATCH = YES;
				COPY_PHASE_STRIP = NO;
				DEBUG_INFORMATION_FORMAT = "dwarf-with-dsym";
				ENABLE_NS_ASSERTIONS = NO;
				ENABLE_STRICT_OBJC_MSGSEND = YES;
				GCC_C_LANGUAGE_STANDARD = gnu11;
				GCC_NO_COMMON_BLOCKS = YES;
				GCC_WARN_64_TO_32_BIT_CONVERSION = YES;
				GCC_WARN_ABOUT_RETURN_TYPE = YES_ERROR;
				GCC_WARN_UNDECLARED_SELECTOR = YES;
				GCC_WARN_UNINITIALIZED_AUTOS = YES_AGGRESSIVE;
				GCC_WARN_UNUSED_FUNCTION = YES;
				GCC_WARN_UNUSED_VARIABLE = YES;
				IPHONEOS_DEPLOYMENT_TARGET = 14.2;
				MTL_ENABLE_DEBUG_INFO = NO;
				MTL_FAST_MATH = YES;
				SDKROOT = iphoneos;
				SWIFT_COMPILATION_MODE = wholemodule;
				SWIFT_OPTIMIZATION_LEVEL = "-O";
				VALIDATE_PRODUCT = YES;
			};
			name = Release;
		};
		E962847C2583AE5F0012FFE3 /* Debug */ = {
			isa = XCBuildConfiguration;
			baseConfigurationReference = FC71EAD9A458962266DB32AD /* Pods-Lykoi.debug.xcconfig */;
			buildSettings = {
				ASSETCATALOG_COMPILER_APPICON_NAME = AppIcon;
				ASSETCATALOG_COMPILER_GLOBAL_ACCENT_COLOR_NAME = AccentColor;
				CLANG_ENABLE_MODULES = YES;
				CODE_SIGN_ENTITLEMENTS = Lykoi/Lykoi.entitlements;
				CODE_SIGN_STYLE = Automatic;
				DEVELOPMENT_ASSET_PATHS = "\"Lykoi/Preview Content\"";
				DEVELOPMENT_TEAM = JG7P2QYPN7;
				ENABLE_PREVIEWS = YES;
				INFOPLIST_FILE = Lykoi/Info.plist;
				IPHONEOS_DEPLOYMENT_TARGET = 14.0;
				"IPHONEOS_DEPLOYMENT_TARGET[sdk=macosx*]" = 14.2;
				LD_RUNPATH_SEARCH_PATHS = (
					"$(inherited)",
					"@executable_path/Frameworks",
				);
				LIBRARY_SEARCH_PATHS = (
					"$(inherited)",
					"$(PROJECT_DIR)/Lykoi/PDFium",
				);
				PRODUCT_BUNDLE_IDENTIFIER = com.yleaks.Lykoi;
				PRODUCT_NAME = "$(TARGET_NAME)";
				SUPPORTS_MACCATALYST = YES;
				SWIFT_OBJC_BRIDGING_HEADER = "Lykoi/Lykoi-Bridging-Header.h";
				SWIFT_OPTIMIZATION_LEVEL = "-Onone";
				SWIFT_VERSION = 5.0;
				TARGETED_DEVICE_FAMILY = "1,2";
			};
			name = Debug;
		};
		E962847D2583AE5F0012FFE3 /* Release */ = {
			isa = XCBuildConfiguration;
			baseConfigurationReference = 3C0874C8B2D6E67EB114AC77 /* Pods-Lykoi.release.xcconfig */;
			buildSettings = {
				ASSETCATALOG_COMPILER_APPICON_NAME = AppIcon;
				ASSETCATALOG_COMPILER_GLOBAL_ACCENT_COLOR_NAME = AccentColor;
				CLANG_ENABLE_MODULES = YES;
				CODE_SIGN_ENTITLEMENTS = Lykoi/Lykoi.entitlements;
				CODE_SIGN_STYLE = Automatic;
				DEVELOPMENT_ASSET_PATHS = "\"Lykoi/Preview Content\"";
				DEVELOPMENT_TEAM = JG7P2QYPN7;
				ENABLE_PREVIEWS = YES;
				INFOPLIST_FILE = Lykoi/Info.plist;
				IPHONEOS_DEPLOYMENT_TARGET = 14.0;
				"IPHONEOS_DEPLOYMENT_TARGET[sdk=macosx*]" = 14.2;
				LD_RUNPATH_SEARCH_PATHS = (
					"$(inherited)",
					"@executable_path/Frameworks",
				);
				LIBRARY_SEARCH_PATHS = (
					"$(inherited)",
					"$(PROJECT_DIR)/Lykoi/PDFium",
				);
				PRODUCT_BUNDLE_IDENTIFIER = com.yleaks.Lykoi;
				PRODUCT_NAME = "$(TARGET_NAME)";
				SUPPORTS_MACCATALYST = YES;
				SWIFT_OBJC_BRIDGING_HEADER = "Lykoi/Lykoi-Bridging-Header.h";
				SWIFT_VERSION = 5.0;
				TARGETED_DEVICE_FAMILY = "1,2";
			};
			name = Release;
		};
/* End XCBuildConfiguration section */

/* Begin XCConfigurationList section */
		E96284622583AE5D0012FFE3 /* Build configuration list for PBXProject "Lykoi" */ = {
			isa = XCConfigurationList;
			buildConfigurations = (
				E96284792583AE5F0012FFE3 /* Debug */,
				E962847A2583AE5F0012FFE3 /* Release */,
			);
			defaultConfigurationIsVisible = 0;
			defaultConfigurationName = Release;
		};
		E962847B2583AE5F0012FFE3 /* Build configuration list for PBXNativeTarget "Lykoi" */ = {
			isa = XCConfigurationList;
			buildConfigurations = (
				E962847C2583AE5F0012FFE3 /* Debug */,
				E962847D2583AE5F0012FFE3 /* Release */,
			);
			defaultConfigurationIsVisible = 0;
			defaultConfigurationName = Release;
		};
/* End XCConfigurationList section */

/* Begin XCVersionGroup section */
		E96284752583AE5F0012FFE3 /* Lykoi.xcdatamodeld */ = {
			isa = XCVersionGroup;
			children = (
				E96284762583AE5F0012FFE3 /* Lykoi.xcdatamodel */,
			);
			currentVersion = E96284762583AE5F0012FFE3 /* Lykoi.xcdatamodel */;
			path = Lykoi.xcdatamodeld;
			sourceTree = "<group>";
			versionGroupType = wrapper.xcdatamodel;
		};
/* End XCVersionGroup section */
	};
	rootObject = E962845F2583AE5D0012FFE3 /* Project object */;
}
